<?xml version="1.0" encoding="utf-8"?>
<Project ToolsVersion="4.0" xmlns="http://schemas.microsoft.com/developer/msbuild/2003">
  <ItemGroup>
    <Filter Include="Source Files">
      <UniqueIdentifier>{5810330e-8ffd-4cfb-acee-2228d90f6393}</UniqueIdentifier>
      <Extensions>cpp;c;cxx;rc;def;r;odl;idl;hpj;bat</Extensions>
    </Filter>
    <Filter Include="Header Files">
      <UniqueIdentifier>{9b0e5567-b155-4d9b-815f-bf2e7e777a12}</UniqueIdentifier>
      <Extensions>h;hpp;hxx;hm;inl</Extensions>
    </Filter>
    <Filter Include="Resource Files">
      <UniqueIdentifier>{0868032b-6b84-4a35-af10-01d4c21ba216}</UniqueIdentifier>
      <Extensions>ico;cur;bmp;dlg;rc2;rct;bin;rgs;gif;jpg;jpeg;jpe</Extensions>
    </Filter>
  </ItemGroup>
  <ItemGroup>
    <ClCompile Include="AsianOption.cpp">
      <Filter>Source Files</Filter>
    </ClCompile>
    <ClCompile Include="BinModel.cpp">
      <Filter>Source Files</Filter>
    </ClCompile>
    <ClCompile Include="LbOption.cpp">
      <Filter>Source Files</Filter>
    </ClCompile>
    <ClCompile Include="Main.cpp">
      <Filter>Source Files</Filter>
    </ClCompile>
    <ClCompile Include="EuroOption.cpp">
      <Filter>Source Files</Filter>
    </ClCompile>
  </ItemGroup>
  <ItemGroup>
    <ClInclude Include="AsianOption.h">
      <Filter>Header Files</Filter>
    </ClInclude>
    <ClInclude Include="BinModel.h">
      <Filter>Header Files</Filter>
    </ClInclude>
    <ClInclude Include="LbOption.h">
      <Filter>Header Files</Filter>
    </ClInclude>
    <ClInclude Include="Option.h">
      <Filter>Header Files</Filter>
    </ClInclude>
    <ClInclude Include="EuroOption.h">
      <Filter>Header Files</Filter>
    </ClInclude>
  </ItemGroup>
</Project>